
Microsoft Visual Studio Solution File, Format Version 10.00
# Visual Studio 2008
Project("{FAE04EC0-301F-11D3-BF4B-00C04F79EFBC}") = "ImageUploader", "ImageUploader\ImageUploader.csproj", "{1A5ED3F4-53D9-44C6-AF71-5A7258F0CA66}"
EndProject
Project("{FAE04EC0-301F-11D3-BF4B-00C04F79EFBC}") = "ImageUploader.Web", "ImageUploader.Web\ImageUploader.Web.csproj", "{89AF6F05-3E44-408F-BFBD-0E03C58C107E}"
EndProject
Global
	GlobalSection(SolutionConfigurationPlatforms) = preSolution
		Debug|Any CPU = Debug|Any CPU
		Release|Any CPU = Release|Any CPU
	EndGlobalSection
	GlobalSection(ProjectConfigurationPlatforms) = postSolution
		{1A5ED3F4-53D9-44C6-AF71-5A7258F0CA66}.Debug|Any CPU.ActiveCfg = Debug|Any CPU
		{1A5ED3F4-53D9-44C6-AF71-5A7258F0CA66}.Debug|Any CPU.Build.0 = Debug|Any CPU
		{1A5ED3F4-53D9-44C6-AF71-5A7258F0CA66}.Release|Any CPU.ActiveCfg = Release|Any CPU
		{1A5ED3F4-53D9-44C6-AF71-5A7258F0CA66}.Release|Any CPU.Build.0 = Release|Any CPU
		{89AF6F05-3E44-408F-BFBD-0E03C58C107E}.Debug|Any CPU.ActiveCfg = Debug|Any CPU
		{89AF6F05-3E44-408F-BFBD-0E03C58C107E}.Debug|Any CPU.Build.0 = Debug|Any CPU
		{89AF6F05-3E44-408F-BFBD-0E03C58C107E}.Release|Any CPU.ActiveCfg = Release|Any CPU
		{89AF6F05-3E44-408F-BFBD-0E03C58C107E}.Release|Any CPU.Build.0 = Release|Any CPU
	EndGlobalSection
	GlobalSection(SolutionProperties) = preSolution
		HideSolutionNode = FALSE
	EndGlobalSection
EndGlobal
